
Microsoft Visual Studio Solution File, Format Version 12.00
# Visual Studio 2017
Project("{FAE04EC0-301F-11D3-BF4B-00C04F79EFBC}") = "GTO4", "GTO4.csproj", "{4848D299-940D-F847-A705-FBF3AD673124}"
EndProject
Project("{FAE04EC0-301F-11D3-BF4B-00C04F79EFBC}") = "GTO4.Editor", "GTO4.Editor.csproj", "{2DC0C812-3F5C-3BA8-9AB7-3500D9D3B395}"
EndProject
Project("{FAE04EC0-301F-11D3-BF4B-00C04F79EFBC}") = "Unity.PackageManagerUI.Editor", "Unity.PackageManagerUI.Editor.csproj", "{6877705C-FBD9-0C4F-5AFB-6FB431E5D39D}"
EndProject
Global
	GlobalSection(SolutionConfigurationPlatforms) = preSolution
		Debug|Any CPU = Debug|Any CPU
		Release|Any CPU = Release|Any CPU
	EndGlobalSection
	GlobalSection(ProjectConfigurationPlatforms) = postSolution
		{4848D299-940D-F847-A705-FBF3AD673124}.Debug|Any CPU.ActiveCfg = Debug|Any CPU
		{4848D299-940D-F847-A705-FBF3AD673124}.Debug|Any CPU.Build.0 = Debug|Any CPU
		{4848D299-940D-F847-A705-FBF3AD673124}.Release|Any CPU.ActiveCfg = Release|Any CPU
		{4848D299-940D-F847-A705-FBF3AD673124}.Release|Any CPU.Build.0 = Release|Any CPU
		{2DC0C812-3F5C-3BA8-9AB7-3500D9D3B395}.Debug|Any CPU.ActiveCfg = Debug|Any CPU
		{2DC0C812-3F5C-3BA8-9AB7-3500D9D3B395}.Debug|Any CPU.Build.0 = Debug|Any CPU
		{2DC0C812-3F5C-3BA8-9AB7-3500D9D3B395}.Release|Any CPU.ActiveCfg = Release|Any CPU
		{2DC0C812-3F5C-3BA8-9AB7-3500D9D3B395}.Release|Any CPU.Build.0 = Release|Any CPU
		{6877705C-FBD9-0C4F-5AFB-6FB431E5D39D}.Debug|Any CPU.ActiveCfg = Debug|Any CPU
		{6877705C-FBD9-0C4F-5AFB-6FB431E5D39D}.Debug|Any CPU.Build.0 = Debug|Any CPU
		{6877705C-FBD9-0C4F-5AFB-6FB431E5D39D}.Release|Any CPU.ActiveCfg = Release|Any CPU
		{6877705C-FBD9-0C4F-5AFB-6FB431E5D39D}.Release|Any CPU.Build.0 = Release|Any CPU
	EndGlobalSection
	GlobalSection(SolutionProperties) = preSolution
		HideSolutionNode = FALSE
	EndGlobalSection
EndGlobal
