Microsoft Visual Studio Solution File, Format Version 11.00
# Visual Studio 2010
Project("{E097FAD1-6243-4DAD-9C02-E9B9EFC3FFC1}") = "Assembly-CSharp", "Assembly-CSharp.csproj", "{6FF7EEE9-88F8-B56B-63F8-63BC88C6E262}"
EndProject
Project("{E097FAD1-6243-4DAD-9C02-E9B9EFC3FFC1}") = "Assembly-CSharp-Editor", "Assembly-CSharp-Editor.csproj", "{1A514813-4D8D-9874-B864-B67B8ECAC9C0}"
EndProject
Project("{E097FAD1-6243-4DAD-9C02-E9B9EFC3FFC1}") = "Assembly-CSharp-Editor-firstpass", "Assembly-CSharp-Editor-firstpass.csproj", "{92734610-12C1-2BCD-93D4-B3C6C9630B6B}"
EndProject
Global
	GlobalSection(SolutionConfigurationPlatforms) = preSolution
		Debug|Any CPU = Debug|Any CPU
		Release|Any CPU = Release|Any CPU
	EndGlobalSection
	GlobalSection(ProjectConfigurationPlatforms) = postSolution
		{6FF7EEE9-88F8-B56B-63F8-63BC88C6E262}.Debug|Any CPU.ActiveCfg = Debug|Any CPU
		{6FF7EEE9-88F8-B56B-63F8-63BC88C6E262}.Debug|Any CPU.Build.0 = Debug|Any CPU
		{6FF7EEE9-88F8-B56B-63F8-63BC88C6E262}.Release|Any CPU.ActiveCfg = Release|Any CPU
		{6FF7EEE9-88F8-B56B-63F8-63BC88C6E262}.Release|Any CPU.Build.0 = Release|Any CPU
		{1A514813-4D8D-9874-B864-B67B8ECAC9C0}.Debug|Any CPU.ActiveCfg = Debug|Any CPU
		{1A514813-4D8D-9874-B864-B67B8ECAC9C0}.Debug|Any CPU.Build.0 = Debug|Any CPU
		{1A514813-4D8D-9874-B864-B67B8ECAC9C0}.Release|Any CPU.ActiveCfg = Release|Any CPU
		{1A514813-4D8D-9874-B864-B67B8ECAC9C0}.Release|Any CPU.Build.0 = Release|Any CPU
		{92734610-12C1-2BCD-93D4-B3C6C9630B6B}.Debug|Any CPU.ActiveCfg = Debug|Any CPU
		{92734610-12C1-2BCD-93D4-B3C6C9630B6B}.Debug|Any CPU.Build.0 = Debug|Any CPU
		{92734610-12C1-2BCD-93D4-B3C6C9630B6B}.Release|Any CPU.ActiveCfg = Release|Any CPU
		{92734610-12C1-2BCD-93D4-B3C6C9630B6B}.Release|Any CPU.Build.0 = Release|Any CPU
	EndGlobalSection
	GlobalSection(SolutionProperties) = preSolution
		HideSolutionNode = FALSE
	EndGlobalSection
	GlobalSection(MonoDevelopProperties) = preSolution
		StartupItem = Assembly-CSharp.csproj
	EndGlobalSection
EndGlobal
